
Microsoft Visual Studio Solution File, Format Version 12.00
# Visual Studio Version 17
VisualStudioVersion = 17.1.32421.90
MinimumVisualStudioVersion = 10.0.40219.1
Project("{FAE04EC0-301F-11D3-BF4B-00C04F79EFBC}") = "Desafio4Exer3", "Desafio4Exer3\Desafio4Exer3.csproj", "{A91A5035-3A3A-4F37-AE1F-BB8A67353BA3}"
EndProject
Global
	GlobalSection(SolutionConfigurationPlatforms) = preSolution
		Debug|Any CPU = Debug|Any CPU
		Release|Any CPU = Release|Any CPU
	EndGlobalSection
	GlobalSection(ProjectConfigurationPlatforms) = postSolution
		{A91A5035-3A3A-4F37-AE1F-BB8A67353BA3}.Debug|Any CPU.ActiveCfg = Debug|Any CPU
		{A91A5035-3A3A-4F37-AE1F-BB8A67353BA3}.Debug|Any CPU.Build.0 = Debug|Any CPU
		{A91A5035-3A3A-4F37-AE1F-BB8A67353BA3}.Release|Any CPU.ActiveCfg = Release|Any CPU
		{A91A5035-3A3A-4F37-AE1F-BB8A67353BA3}.Release|Any CPU.Build.0 = Release|Any CPU
	EndGlobalSection
	GlobalSection(SolutionProperties) = preSolution
		HideSolutionNode = FALSE
	EndGlobalSection
	GlobalSection(ExtensibilityGlobals) = postSolution
		SolutionGuid = {D2E7AACF-0B18-4D86-95DD-4257248351D5}
	EndGlobalSection
EndGlobal
